
Microsoft Visual Studio Solution File, Format Version 12.00
# Visual Studio 2013
VisualStudioVersion = 12.0.31101.0
MinimumVisualStudioVersion = 10.0.40219.1
Project("{FAE04EC0-301F-11D3-BF4B-00C04F79EFBC}") = "02.Customer", "02.Customer\02.Customer.csproj", "{40AE98BB-3F4A-454C-8A3F-E97721685711}"
EndProject
Project("{FAE04EC0-301F-11D3-BF4B-00C04F79EFBC}") = "03.String Disperser", "03.String Disperser\03.String Disperser.csproj", "{AA1230B5-0E54-4A7A-A995-70BD6AFD7AC4}"
EndProject
Global
	GlobalSection(SolutionConfigurationPlatforms) = preSolution
		Debug|Any CPU = Debug|Any CPU
		Release|Any CPU = Release|Any CPU
	EndGlobalSection
	GlobalSection(ProjectConfigurationPlatforms) = postSolution
		{40AE98BB-3F4A-454C-8A3F-E97721685711}.Debug|Any CPU.ActiveCfg = Debug|Any CPU
		{40AE98BB-3F4A-454C-8A3F-E97721685711}.Debug|Any CPU.Build.0 = Debug|Any CPU
		{40AE98BB-3F4A-454C-8A3F-E97721685711}.Release|Any CPU.ActiveCfg = Release|Any CPU
		{40AE98BB-3F4A-454C-8A3F-E97721685711}.Release|Any CPU.Build.0 = Release|Any CPU
		{AA1230B5-0E54-4A7A-A995-70BD6AFD7AC4}.Debug|Any CPU.ActiveCfg = Debug|Any CPU
		{AA1230B5-0E54-4A7A-A995-70BD6AFD7AC4}.Debug|Any CPU.Build.0 = Debug|Any CPU
		{AA1230B5-0E54-4A7A-A995-70BD6AFD7AC4}.Release|Any CPU.ActiveCfg = Release|Any CPU
		{AA1230B5-0E54-4A7A-A995-70BD6AFD7AC4}.Release|Any CPU.Build.0 = Release|Any CPU
	EndGlobalSection
	GlobalSection(SolutionProperties) = preSolution
		HideSolutionNode = FALSE
	EndGlobalSection
EndGlobal
