
Microsoft Visual Studio Solution File, Format Version 12.00
# Visual Studio 2013
VisualStudioVersion = 12.0.31101.0
MinimumVisualStudioVersion = 10.0.40219.1
Project("{FAE04EC0-301F-11D3-BF4B-00C04F79EFBC}") = "01.Human, Student and Worker", "01.Human, Student and Worker\01.Human, Student and Worker.csproj", "{F8687CF5-B874-4A29-B902-7408C28AC697}"
EndProject
Project("{FAE04EC0-301F-11D3-BF4B-00C04F79EFBC}") = "02.Animals", "02.Animals\02.Animals.csproj", "{F906615C-4720-43B7-B4B7-C3DAA636B551}"
EndProject
Project("{FAE04EC0-301F-11D3-BF4B-00C04F79EFBC}") = "03.Company Hierarchy", "03.Company Hierarchy\03.Company Hierarchy.csproj", "{5CCEF610-BC5F-4366-AB41-B5360B7A8165}"
EndProject
Global
	GlobalSection(SolutionConfigurationPlatforms) = preSolution
		Debug|Any CPU = Debug|Any CPU
		Release|Any CPU = Release|Any CPU
	EndGlobalSection
	GlobalSection(ProjectConfigurationPlatforms) = postSolution
		{F8687CF5-B874-4A29-B902-7408C28AC697}.Debug|Any CPU.ActiveCfg = Debug|Any CPU
		{F8687CF5-B874-4A29-B902-7408C28AC697}.Debug|Any CPU.Build.0 = Debug|Any CPU
		{F8687CF5-B874-4A29-B902-7408C28AC697}.Release|Any CPU.ActiveCfg = Release|Any CPU
		{F8687CF5-B874-4A29-B902-7408C28AC697}.Release|Any CPU.Build.0 = Release|Any CPU
		{F906615C-4720-43B7-B4B7-C3DAA636B551}.Debug|Any CPU.ActiveCfg = Debug|Any CPU
		{F906615C-4720-43B7-B4B7-C3DAA636B551}.Debug|Any CPU.Build.0 = Debug|Any CPU
		{F906615C-4720-43B7-B4B7-C3DAA636B551}.Release|Any CPU.ActiveCfg = Release|Any CPU
		{F906615C-4720-43B7-B4B7-C3DAA636B551}.Release|Any CPU.Build.0 = Release|Any CPU
		{5CCEF610-BC5F-4366-AB41-B5360B7A8165}.Debug|Any CPU.ActiveCfg = Debug|Any CPU
		{5CCEF610-BC5F-4366-AB41-B5360B7A8165}.Debug|Any CPU.Build.0 = Debug|Any CPU
		{5CCEF610-BC5F-4366-AB41-B5360B7A8165}.Release|Any CPU.ActiveCfg = Release|Any CPU
		{5CCEF610-BC5F-4366-AB41-B5360B7A8165}.Release|Any CPU.Build.0 = Release|Any CPU
	EndGlobalSection
	GlobalSection(SolutionProperties) = preSolution
		HideSolutionNode = FALSE
	EndGlobalSection
EndGlobal
