
Microsoft Visual Studio Solution File, Format Version 12.00
# Visual Studio 2013
VisualStudioVersion = 12.0.31101.0
MinimumVisualStudioVersion = 10.0.40219.1
Project("{FAE04EC0-301F-11D3-BF4B-00C04F79EFBC}") = "01.Custom LINQ Extension Methods", "01.Custom LINQ Extension Methods\01.Custom LINQ Extension Methods.csproj", "{6CF68319-7EE9-4E11-A52D-EE93E56D2992}"
EndProject
Project("{FAE04EC0-301F-11D3-BF4B-00C04F79EFBC}") = "02.Interest Calculator", "02.Interest Calculator\02.Interest Calculator.csproj", "{CE2B5604-0C2E-4D80-BFAA-16F89FDBF511}"
EndProject
Project("{FAE04EC0-301F-11D3-BF4B-00C04F79EFBC}") = "03.Asynchronous Timer", "03.Asynchronous Timer\03.Asynchronous Timer.csproj", "{57B3C050-E9C1-4F37-8046-690E616DB1ED}"
EndProject
Project("{FAE04EC0-301F-11D3-BF4B-00C04F79EFBC}") = "04.Student Class", "04.Student Class\04.Student Class.csproj", "{1DE8756A-B014-4241-BF0B-1FE69C04EEBB}"
EndProject
Global
	GlobalSection(SolutionConfigurationPlatforms) = preSolution
		Debug|Any CPU = Debug|Any CPU
		Release|Any CPU = Release|Any CPU
	EndGlobalSection
	GlobalSection(ProjectConfigurationPlatforms) = postSolution
		{6CF68319-7EE9-4E11-A52D-EE93E56D2992}.Debug|Any CPU.ActiveCfg = Debug|Any CPU
		{6CF68319-7EE9-4E11-A52D-EE93E56D2992}.Debug|Any CPU.Build.0 = Debug|Any CPU
		{6CF68319-7EE9-4E11-A52D-EE93E56D2992}.Release|Any CPU.ActiveCfg = Release|Any CPU
		{6CF68319-7EE9-4E11-A52D-EE93E56D2992}.Release|Any CPU.Build.0 = Release|Any CPU
		{CE2B5604-0C2E-4D80-BFAA-16F89FDBF511}.Debug|Any CPU.ActiveCfg = Debug|Any CPU
		{CE2B5604-0C2E-4D80-BFAA-16F89FDBF511}.Debug|Any CPU.Build.0 = Debug|Any CPU
		{CE2B5604-0C2E-4D80-BFAA-16F89FDBF511}.Release|Any CPU.ActiveCfg = Release|Any CPU
		{CE2B5604-0C2E-4D80-BFAA-16F89FDBF511}.Release|Any CPU.Build.0 = Release|Any CPU
		{57B3C050-E9C1-4F37-8046-690E616DB1ED}.Debug|Any CPU.ActiveCfg = Debug|Any CPU
		{57B3C050-E9C1-4F37-8046-690E616DB1ED}.Debug|Any CPU.Build.0 = Debug|Any CPU
		{57B3C050-E9C1-4F37-8046-690E616DB1ED}.Release|Any CPU.ActiveCfg = Release|Any CPU
		{57B3C050-E9C1-4F37-8046-690E616DB1ED}.Release|Any CPU.Build.0 = Release|Any CPU
		{1DE8756A-B014-4241-BF0B-1FE69C04EEBB}.Debug|Any CPU.ActiveCfg = Debug|Any CPU
		{1DE8756A-B014-4241-BF0B-1FE69C04EEBB}.Debug|Any CPU.Build.0 = Debug|Any CPU
		{1DE8756A-B014-4241-BF0B-1FE69C04EEBB}.Release|Any CPU.ActiveCfg = Release|Any CPU
		{1DE8756A-B014-4241-BF0B-1FE69C04EEBB}.Release|Any CPU.Build.0 = Release|Any CPU
	EndGlobalSection
	GlobalSection(SolutionProperties) = preSolution
		HideSolutionNode = FALSE
	EndGlobalSection
EndGlobal
