
Microsoft Visual Studio Solution File, Format Version 12.00
# Visual Studio 2013
VisualStudioVersion = 12.0.31101.0
MinimumVisualStudioVersion = 10.0.40219.1
Project("{FAE04EC0-301F-11D3-BF4B-00C04F79EFBC}") = "01.Square Root", "01.Square Root\01.Square Root.csproj", "{0CDBF202-B26B-46BB-939B-DBD6FFE3AEB7}"
EndProject
Project("{FAE04EC0-301F-11D3-BF4B-00C04F79EFBC}") = "02.Enter Numbers", "02.Enter Numbers\02.Enter Numbers.csproj", "{88492EDD-932E-4113-87B3-2642E12FC12D}"
EndProject
Global
	GlobalSection(SolutionConfigurationPlatforms) = preSolution
		Debug|Any CPU = Debug|Any CPU
		Release|Any CPU = Release|Any CPU
	EndGlobalSection
	GlobalSection(ProjectConfigurationPlatforms) = postSolution
		{0CDBF202-B26B-46BB-939B-DBD6FFE3AEB7}.Debug|Any CPU.ActiveCfg = Debug|Any CPU
		{0CDBF202-B26B-46BB-939B-DBD6FFE3AEB7}.Debug|Any CPU.Build.0 = Debug|Any CPU
		{0CDBF202-B26B-46BB-939B-DBD6FFE3AEB7}.Release|Any CPU.ActiveCfg = Release|Any CPU
		{0CDBF202-B26B-46BB-939B-DBD6FFE3AEB7}.Release|Any CPU.Build.0 = Release|Any CPU
		{88492EDD-932E-4113-87B3-2642E12FC12D}.Debug|Any CPU.ActiveCfg = Debug|Any CPU
		{88492EDD-932E-4113-87B3-2642E12FC12D}.Debug|Any CPU.Build.0 = Debug|Any CPU
		{88492EDD-932E-4113-87B3-2642E12FC12D}.Release|Any CPU.ActiveCfg = Release|Any CPU
		{88492EDD-932E-4113-87B3-2642E12FC12D}.Release|Any CPU.Build.0 = Release|Any CPU
	EndGlobalSection
	GlobalSection(SolutionProperties) = preSolution
		HideSolutionNode = FALSE
	EndGlobalSection
EndGlobal
