
Microsoft Visual Studio Solution File, Format Version 12.00
# Visual Studio 2013
VisualStudioVersion = 12.0.31101.0
MinimumVisualStudioVersion = 10.0.40219.1
Project("{FAE04EC0-301F-11D3-BF4B-00C04F79EFBC}") = "02.Laptop Shop", "02.Laptop Shop\02.Laptop Shop.csproj", "{EC8553C2-BDA9-405A-824E-6DB9E387AF18}"
EndProject
Project("{FAE04EC0-301F-11D3-BF4B-00C04F79EFBC}") = "03.PC Catalog", "03.PC Catalog\03.PC Catalog.csproj", "{6DE9D9E3-3DE2-46C2-A060-25700D4A41A7}"
EndProject
Project("{FAE04EC0-301F-11D3-BF4B-00C04F79EFBC}") = "01.Persons", "01.Persons\01.Persons.csproj", "{36ABB4ED-3799-4F21-88EE-7650EB6460FB}"
EndProject
Global
	GlobalSection(SolutionConfigurationPlatforms) = preSolution
		Debug|Any CPU = Debug|Any CPU
		Release|Any CPU = Release|Any CPU
	EndGlobalSection
	GlobalSection(ProjectConfigurationPlatforms) = postSolution
		{EC8553C2-BDA9-405A-824E-6DB9E387AF18}.Debug|Any CPU.ActiveCfg = Debug|Any CPU
		{EC8553C2-BDA9-405A-824E-6DB9E387AF18}.Debug|Any CPU.Build.0 = Debug|Any CPU
		{EC8553C2-BDA9-405A-824E-6DB9E387AF18}.Release|Any CPU.ActiveCfg = Release|Any CPU
		{EC8553C2-BDA9-405A-824E-6DB9E387AF18}.Release|Any CPU.Build.0 = Release|Any CPU
		{6DE9D9E3-3DE2-46C2-A060-25700D4A41A7}.Debug|Any CPU.ActiveCfg = Debug|Any CPU
		{6DE9D9E3-3DE2-46C2-A060-25700D4A41A7}.Debug|Any CPU.Build.0 = Debug|Any CPU
		{6DE9D9E3-3DE2-46C2-A060-25700D4A41A7}.Release|Any CPU.ActiveCfg = Release|Any CPU
		{6DE9D9E3-3DE2-46C2-A060-25700D4A41A7}.Release|Any CPU.Build.0 = Release|Any CPU
		{36ABB4ED-3799-4F21-88EE-7650EB6460FB}.Debug|Any CPU.ActiveCfg = Debug|Any CPU
		{36ABB4ED-3799-4F21-88EE-7650EB6460FB}.Debug|Any CPU.Build.0 = Debug|Any CPU
		{36ABB4ED-3799-4F21-88EE-7650EB6460FB}.Release|Any CPU.ActiveCfg = Release|Any CPU
		{36ABB4ED-3799-4F21-88EE-7650EB6460FB}.Release|Any CPU.Build.0 = Release|Any CPU
	EndGlobalSection
	GlobalSection(SolutionProperties) = preSolution
		HideSolutionNode = FALSE
	EndGlobalSection
EndGlobal
